{
  "originHash" : "0271682170ee141d84c7641774393b732c711c460da8c02f51bca0ccdd460b32",
  "pins" : [
    {
      "identity" : "swift-crypto",
      "kind" : "remoteSourceControl",
      "location" : "https://github.com/apple/swift-crypto.git",
      "state" : {
        "revision" : "b51f1d6845b353a2121de1c6a670738ec33561a6",
        "version" : "3.1.0"
      }
    }
  ],
  "version" : 3
}
