// !$*UTF8*$!
{
	archiveVersion = 1;
	classes = {
	};
	objectVersion = 60;
	objects = {

/* Begin PBXBuildFile section */
		57BBE6D22BD0FC6F0082A0CE /* AppDelegate.swift in Sources */ = {isa = PBXBuildFile; fileRef = 57BBE6D12BD0FC6F0082A0CE /* AppDelegate.swift */; };
		57BBE6D42BD0FC6F0082A0CE /* SceneDelegate.swift in Sources */ = {isa = PBXBuildFile; fileRef = 57BBE6D32BD0FC6F0082A0CE /* SceneDelegate.swift */; };
		57BBE6D62BD0FC6F0082A0CE /* ViewController.swift in Sources */ = {isa = PBXBuildFile; fileRef = 57BBE6D52BD0FC6F0082A0CE /* ViewController.swift */; };
		57BBE6D92BD0FC6F0082A0CE /* Base in Resources */ = {isa = PBXBuildFile; fileRef = 57BBE6D82BD0FC6F0082A0CE /* Base */; };
		57BBE6DB2BD0FC740082A0CE /* Assets.xcassets in Resources */ = {isa = PBXBuildFile; fileRef = 57BBE6DA2BD0FC740082A0CE /* Assets.xcassets */; };
		57BBE6DE2BD0FC740082A0CE /* Base in Resources */ = {isa = PBXBuildFile; fileRef = 57BBE6DD2BD0FC740082A0CE /* Base */; };
/* End PBXBuildFile section */

/* Begin PBXFileReference section */
		5789C50A2C04E52300FB1DA5 /* SAPCommon.xcframework */ = {isa = PBXFileReference; expectedSignature = "AppleDeveloperProgram:7R5ZEU67FQ:SAP SE"; lastKnownFileType = wrapper.xcframework; path = SAPCommon.xcframework; sourceTree = "<group>"; };
		5789C50E2C04E56C00FB1DA5 /* SAPFoundation.xcframework */ = {isa = PBXFileReference; expectedSignature = "AppleDeveloperProgram:7R5ZEU67FQ:SAP SE"; lastKnownFileType = wrapper.xcframework; path = SAPFoundation.xcframework; sourceTree = "<group>"; };
		57BBE6CE2BD0FC6F0082A0CE /* DownloadMultipleFilesTestAppp.app */ = {isa = PBXFileReference; explicitFileType = wrapper.application; includeInIndex = 0; path = DownloadMultipleFilesTestAppp.app; sourceTree = BUILT_PRODUCTS_DIR; };
		57BBE6D12BD0FC6F0082A0CE /* AppDelegate.swift */ = {isa = PBXFileReference; lastKnownFileType = sourcecode.swift; path = AppDelegate.swift; sourceTree = "<group>"; };
		57BBE6D32BD0FC6F0082A0CE /* SceneDelegate.swift */ = {isa = PBXFileReference; lastKnownFileType = sourcecode.swift; path = SceneDelegate.swift; sourceTree = "<group>"; };
		57BBE6D52BD0FC6F0082A0CE /* ViewController.swift */ = {isa = PBXFileReference; lastKnownFileType = sourcecode.swift; path = ViewController.swift; sourceTree = "<group>"; };
		57BBE6D82BD0FC6F0082A0CE /* Base */ = {isa = PBXFileReference; lastKnownFileType = file.storyboard; name = Base; path = Base.lproj/Main.storyboard; sourceTree = "<group>"; };
		57BBE6DA2BD0FC740082A0CE /* Assets.xcassets */ = {isa = PBXFileReference; lastKnownFileType = folder.assetcatalog; path = Assets.xcassets; sourceTree = "<group>"; };
		57BBE6DD2BD0FC740082A0CE /* Base */ = {isa = PBXFileReference; lastKnownFileType = file.storyboard; name = Base; path = Base.lproj/LaunchScreen.storyboard; sourceTree = "<group>"; };
		57BBE6DF2BD0FC740082A0CE /* Info.plist */ = {isa = PBXFileReference; lastKnownFileType = text.plist.xml; path = Info.plist; sourceTree = "<group>"; };
		57BBE7012BD0FE4F0082A0CE /* SAPFoundation.framework */ = {isa = PBXFileReference; explicitFileType = wrapper.framework; path = SAPFoundation.framework; sourceTree = BUILT_PRODUCTS_DIR; };
/* End PBXFileReference section */

/* Begin PBXFrameworksBuildPhase section */
		57BBE6CB2BD0FC6F0082A0CE /* Frameworks */ = {
			isa = PBXFrameworksBuildPhase;
			buildActionMask = 2147483647;
			files = (
			);
			runOnlyForDeploymentPostprocessing = 0;
		};
/* End PBXFrameworksBuildPhase section */

/* Begin PBXGroup section */
		57BBE6C52BD0FC6F0082A0CE = {
			isa = PBXGroup;
			children = (
				57BBE6D02BD0FC6F0082A0CE /* DownloadMultipleFilesTestAppp */,
				57BBE6CF2BD0FC6F0082A0CE /* Products */,
				57BBE7002BD0FE4F0082A0CE /* Frameworks */,
			);
			sourceTree = "<group>";
		};
		57BBE6CF2BD0FC6F0082A0CE /* Products */ = {
			isa = PBXGroup;
			children = (
				57BBE6CE2BD0FC6F0082A0CE /* DownloadMultipleFilesTestAppp.app */,
			);
			name = Products;
			sourceTree = "<group>";
		};
		57BBE6D02BD0FC6F0082A0CE /* DownloadMultipleFilesTestAppp */ = {
			isa = PBXGroup;
			children = (
				57BBE6D12BD0FC6F0082A0CE /* AppDelegate.swift */,
				57BBE6D32BD0FC6F0082A0CE /* SceneDelegate.swift */,
				57BBE6D52BD0FC6F0082A0CE /* ViewController.swift */,
				57BBE6D72BD0FC6F0082A0CE /* Main.storyboard */,
				57BBE6DA2BD0FC740082A0CE /* Assets.xcassets */,
				57BBE6DC2BD0FC740082A0CE /* LaunchScreen.storyboard */,
				57BBE6DF2BD0FC740082A0CE /* Info.plist */,
			);
			path = DownloadMultipleFilesTestAppp;
			sourceTree = "<group>";
		};
		57BBE7002BD0FE4F0082A0CE /* Frameworks */ = {
			isa = PBXGroup;
			children = (
				5789C50E2C04E56C00FB1DA5 /* SAPFoundation.xcframework */,
				5789C50A2C04E52300FB1DA5 /* SAPCommon.xcframework */,
				57BBE7012BD0FE4F0082A0CE /* SAPFoundation.framework */,
			);
			name = Frameworks;
			sourceTree = "<group>";
		};
/* End PBXGroup section */

/* Begin PBXNativeTarget section */
		57BBE6CD2BD0FC6F0082A0CE /* DownloadMultipleFilesTestAppp */ = {
			isa = PBXNativeTarget;
			buildConfigurationList = 57BBE6E22BD0FC740082A0CE /* Build configuration list for PBXNativeTarget "DownloadMultipleFilesTestAppp" */;
			buildPhases = (
				57BBE6CA2BD0FC6F0082A0CE /* Sources */,
				57BBE6CB2BD0FC6F0082A0CE /* Frameworks */,
				57BBE6CC2BD0FC6F0082A0CE /* Resources */,
			);
			buildRules = (
			);
			dependencies = (
			);
			name = DownloadMultipleFilesTestAppp;
			productName = DownloadMultipleFilesTestAppp;
			productReference = 57BBE6CE2BD0FC6F0082A0CE /* DownloadMultipleFilesTestAppp.app */;
			productType = "com.apple.product-type.application";
		};
/* End PBXNativeTarget section */

/* Begin PBXProject section */
		57BBE6C62BD0FC6F0082A0CE /* Project object */ = {
			isa = PBXProject;
			attributes = {
				BuildIndependentTargetsInParallel = 1;
				LastSwiftUpdateCheck = 1530;
				LastUpgradeCheck = 1530;
				TargetAttributes = {
					57BBE6CD2BD0FC6F0082A0CE = {
						CreatedOnToolsVersion = 15.3;
					};
				};
			};
			buildConfigurationList = 57BBE6C92BD0FC6F0082A0CE /* Build configuration list for PBXProject "DownloadMultipleFilesTestAppp" */;
			compatibilityVersion = "Xcode 14.0";
			developmentRegion = en;
			hasScannedForEncodings = 0;
			knownRegions = (
				en,
				Base,
			);
			mainGroup = 57BBE6C52BD0FC6F0082A0CE;
			productRefGroup = 57BBE6CF2BD0FC6F0082A0CE /* Products */;
			projectDirPath = "";
			projectRoot = "";
			targets = (
				57BBE6CD2BD0FC6F0082A0CE /* DownloadMultipleFilesTestAppp */,
			);
		};
/* End PBXProject section */

/* Begin PBXResourcesBuildPhase section */
		57BBE6CC2BD0FC6F0082A0CE /* Resources */ = {
			isa = PBXResourcesBuildPhase;
			buildActionMask = 2147483647;
			files = (
				57BBE6DB2BD0FC740082A0CE /* Assets.xcassets in Resources */,
				57BBE6DE2BD0FC740082A0CE /* Base in Resources */,
				57BBE6D92BD0FC6F0082A0CE /* Base in Resources */,
			);
			runOnlyForDeploymentPostprocessing = 0;
		};
/* End PBXResourcesBuildPhase section */

/* Begin PBXSourcesBuildPhase section */
		57BBE6CA2BD0FC6F0082A0CE /* Sources */ = {
			isa = PBXSourcesBuildPhase;
			buildActionMask = 2147483647;
			files = (
				57BBE6D62BD0FC6F0082A0CE /* ViewController.swift in Sources */,
				57BBE6D22BD0FC6F0082A0CE /* AppDelegate.swift in Sources */,
				57BBE6D42BD0FC6F0082A0CE /* SceneDelegate.swift in Sources */,
			);
			runOnlyForDeploymentPostprocessing = 0;
		};
/* End PBXSourcesBuildPhase section */

/* Begin PBXVariantGroup section */
		57BBE6D72BD0FC6F0082A0CE /* Main.storyboard */ = {
			isa = PBXVariantGroup;
			children = (
				57BBE6D82BD0FC6F0082A0CE /* Base */,
			);
			name = Main.storyboard;
			sourceTree = "<group>";
		};
		57BBE6DC2BD0FC740082A0CE /* LaunchScreen.storyboard */ = {
			isa = PBXVariantGroup;
			children = (
				57BBE6DD2BD0FC740082A0CE /* Base */,
			);
			name = LaunchScreen.storyboard;
			sourceTree = "<group>";
		};
/* End PBXVariantGroup section */

/* Begin XCBuildConfiguration section */
		57BBE6E02BD0FC740082A0CE /* Debug */ = {
			isa = XCBuildConfiguration;
			buildSettings = {
				ALWAYS_SEARCH_USER_PATHS = NO;
				ASSETCATALOG_COMPILER_GENERATE_SWIFT_ASSET_SYMBOL_EXTENSIONS = YES;
				CLANG_ANALYZER_NONNULL = YES;
				CLANG_ANALYZER_NUMBER_OBJECT_CONVERSION = YES_AGGRESSIVE;
				CLANG_CXX_LANGUAGE_STANDARD = "gnu++20";
				CLANG_ENABLE_MODULES = YES;
				CLANG_ENABLE_OBJC_ARC = YES;
				CLANG_ENABLE_OBJC_WEAK = YES;
				CLANG_WARN_BLOCK_CAPTURE_AUTORELEASING = YES;
				CLANG_WARN_BOOL_CONVERSION = YES;
				CLANG_WARN_COMMA = YES;
				CLANG_WARN_CONSTANT_CONVERSION = YES;
				CLANG_WARN_DEPRECATED_OBJC_IMPLEMENTATIONS = YES;
				CLANG_WARN_DIRECT_OBJC_ISA_USAGE = YES_ERROR;
				CLANG_WARN_DOCUMENTATION_COMMENTS = YES;
				CLANG_WARN_EMPTY_BODY = YES;
				CLANG_WARN_ENUM_CONVERSION = YES;
				CLANG_WARN_INFINITE_RECURSION = YES;
				CLANG_WARN_INT_CONVERSION = YES;
				CLANG_WARN_NON_LITERAL_NULL_CONVERSION = YES;
				CLANG_WARN_OBJC_IMPLICIT_RETAIN_SELF = YES;
				CLANG_WARN_OBJC_LITERAL_CONVERSION = YES;
				CLANG_WARN_OBJC_ROOT_CLASS = YES_ERROR;
				CLANG_WARN_QUOTED_INCLUDE_IN_FRAMEWORK_HEADER = YES;
				CLANG_WARN_RANGE_LOOP_ANALYSIS = YES;
				CLANG_WARN_STRICT_PROTOTYPES = YES;
				CLANG_WARN_SUSPICIOUS_MOVE = YES;
				CLANG_WARN_UNGUARDED_AVAILABILITY = YES_AGGRESSIVE;
				CLANG_WARN_UNREACHABLE_CODE = YES;
				CLANG_WARN__DUPLICATE_METHOD_MATCH = YES;
				COPY_PHASE_STRIP = NO;
				DEBUG_INFORMATION_FORMAT = dwarf;
				ENABLE_STRICT_OBJC_MSGSEND = YES;
				ENABLE_TESTABILITY = YES;
				ENABLE_USER_SCRIPT_SANDBOXING = YES;
				GCC_C_LANGUAGE_STANDARD = gnu17;
				GCC_DYNAMIC_NO_PIC = NO;
				GCC_NO_COMMON_BLOCKS = YES;
				GCC_OPTIMIZATION_LEVEL = 0;
				GCC_PREPROCESSOR_DEFINITIONS = (
					"DEBUG=1",
					"$(inherited)",
				);
				GCC_WARN_64_TO_32_BIT_CONVERSION = YES;
				GCC_WARN_ABOUT_RETURN_TYPE = YES_ERROR;
				GCC_WARN_UNDECLARED_SELECTOR = YES;
				GCC_WARN_UNINITIALIZED_AUTOS = YES_AGGRESSIVE;
				GCC_WARN_UNUSED_FUNCTION = YES;
				GCC_WARN_UNUSED_VARIABLE = YES;
				IPHONEOS_DEPLOYMENT_TARGET = 17.4;
				LOCALIZATION_PREFERS_STRING_CATALOGS = YES;
				MTL_ENABLE_DEBUG_INFO = INCLUDE_SOURCE;
				MTL_FAST_MATH = YES;
				ONLY_ACTIVE_ARCH = YES;
				SDKROOT = iphoneos;
				SWIFT_ACTIVE_COMPILATION_CONDITIONS = "DEBUG $(inherited)";
				SWIFT_OPTIMIZATION_LEVEL = "-Onone";
			};
			name = Debug;
		};
		57BBE6E12BD0FC740082A0CE /* Release */ = {
			isa = XCBuildConfiguration;
			buildSettings = {
				ALWAYS_SEARCH_USER_PATHS = NO;
				ASSETCATALOG_COMPILER_GENERATE_SWIFT_ASSET_SYMBOL_EXTENSIONS = YES;
				CLANG_ANALYZER_NONNULL = YES;
				CLANG_ANALYZER_NUMBER_OBJECT_CONVERSION = YES_AGGRESSIVE;
				CLANG_CXX_LANGUAGE_STANDARD = "gnu++20";
				CLANG_ENABLE_MODULES = YES;
				CLANG_ENABLE_OBJC_ARC = YES;
				CLANG_ENABLE_OBJC_WEAK = YES;
				CLANG_WARN_BLOCK_CAPTURE_AUTORELEASING = YES;
				CLANG_WARN_BOOL_CONVERSION = YES;
				CLANG_WARN_COMMA = YES;
				CLANG_WARN_CONSTANT_CONVERSION = YES;
				CLANG_WARN_DEPRECATED_OBJC_IMPLEMENTATIONS = YES;
				CLANG_WARN_DIRECT_OBJC_ISA_USAGE = YES_ERROR;
				CLANG_WARN_DOCUMENTATION_COMMENTS = YES;
				CLANG_WARN_EMPTY_BODY = YES;
				CLANG_WARN_ENUM_CONVERSION = YES;
				CLANG_WARN_INFINITE_RECURSION = YES;
				CLANG_WARN_INT_CONVERSION = YES;
				CLANG_WARN_NON_LITERAL_NULL_CONVERSION = YES;
				CLANG_WARN_OBJC_IMPLICIT_RETAIN_SELF = YES;
				CLANG_WARN_OBJC_LITERAL_CONVERSION = YES;
				CLANG_WARN_OBJC_ROOT_CLASS = YES_ERROR;
				CLANG_WARN_QUOTED_INCLUDE_IN_FRAMEWORK_HEADER = YES;
				CLANG_WARN_RANGE_LOOP_ANALYSIS = YES;
				CLANG_WARN_STRICT_PROTOTYPES = YES;
				CLANG_WARN_SUSPICIOUS_MOVE = YES;
				CLANG_WARN_UNGUARDED_AVAILABILITY = YES_AGGRESSIVE;
				CLANG_WARN_UNREACHABLE_CODE = YES;
				CLANG_WARN__DUPLICATE_METHOD_MATCH = YES;
				COPY_PHASE_STRIP = NO;
				DEBUG_INFORMATION_FORMAT = "dwarf-with-dsym";
				ENABLE_NS_ASSERTIONS = NO;
				ENABLE_STRICT_OBJC_MSGSEND = YES;
				ENABLE_USER_SCRIPT_SANDBOXING = YES;
				GCC_C_LANGUAGE_STANDARD = gnu17;
				GCC_NO_COMMON_BLOCKS = YES;
				GCC_WARN_64_TO_32_BIT_CONVERSION = YES;
				GCC_WARN_ABOUT_RETURN_TYPE = YES_ERROR;
				GCC_WARN_UNDECLARED_SELECTOR = YES;
				GCC_WARN_UNINITIALIZED_AUTOS = YES_AGGRESSIVE;
				GCC_WARN_UNUSED_FUNCTION = YES;
				GCC_WARN_UNUSED_VARIABLE = YES;
				IPHONEOS_DEPLOYMENT_TARGET = 17.4;
				LOCALIZATION_PREFERS_STRING_CATALOGS = YES;
				MTL_ENABLE_DEBUG_INFO = NO;
				MTL_FAST_MATH = YES;
				SDKROOT = iphoneos;
				SWIFT_COMPILATION_MODE = wholemodule;
				VALIDATE_PRODUCT = YES;
			};
			name = Release;
		};
		57BBE6E32BD0FC740082A0CE /* Debug */ = {
			isa = XCBuildConfiguration;
			buildSettings = {
				ASSETCATALOG_COMPILER_APPICON_NAME = AppIcon;
				ASSETCATALOG_COMPILER_GLOBAL_ACCENT_COLOR_NAME = AccentColor;
				CODE_SIGN_STYLE = Automatic;
				CURRENT_PROJECT_VERSION = 1;
				DEVELOPMENT_TEAM = "";
				GENERATE_INFOPLIST_FILE = YES;
				INFOPLIST_FILE = DownloadMultipleFilesTestAppp/Info.plist;
				INFOPLIST_KEY_UIApplicationSupportsIndirectInputEvents = YES;
				INFOPLIST_KEY_UILaunchStoryboardName = LaunchScreen;
				INFOPLIST_KEY_UIMainStoryboardFile = Main;
				INFOPLIST_KEY_UISupportedInterfaceOrientations_iPad = "UIInterfaceOrientationPortrait UIInterfaceOrientationPortraitUpsideDown UIInterfaceOrientationLandscapeLeft UIInterfaceOrientationLandscapeRight";
				INFOPLIST_KEY_UISupportedInterfaceOrientations_iPhone = "UIInterfaceOrientationPortrait UIInterfaceOrientationLandscapeLeft UIInterfaceOrientationLandscapeRight";
				IPHONEOS_DEPLOYMENT_TARGET = 16.6;
				LD_RUNPATH_SEARCH_PATHS = (
					"$(inherited)",
					"@executable_path/Frameworks",
				);
				MARKETING_VERSION = 1.0;
				PRODUCT_BUNDLE_IDENTIFIER = com.mycompany.DownloadMultipleFilesTestApp;
				PRODUCT_NAME = "$(TARGET_NAME)";
				SWIFT_EMIT_LOC_STRINGS = YES;
				SWIFT_VERSION = 5.0;
				TARGETED_DEVICE_FAMILY = "1,2";
			};
			name = Debug;
		};
		57BBE6E42BD0FC740082A0CE /* Release */ = {
			isa = XCBuildConfiguration;
			buildSettings = {
				ASSETCATALOG_COMPILER_APPICON_NAME = AppIcon;
				ASSETCATALOG_COMPILER_GLOBAL_ACCENT_COLOR_NAME = AccentColor;
				CODE_SIGN_STYLE = Automatic;
				CURRENT_PROJECT_VERSION = 1;
				DEVELOPMENT_TEAM = "";
				GENERATE_INFOPLIST_FILE = YES;
				INFOPLIST_FILE = DownloadMultipleFilesTestAppp/Info.plist;
				INFOPLIST_KEY_UIApplicationSupportsIndirectInputEvents = YES;
				INFOPLIST_KEY_UILaunchStoryboardName = LaunchScreen;
				INFOPLIST_KEY_UIMainStoryboardFile = Main;
				INFOPLIST_KEY_UISupportedInterfaceOrientations_iPad = "UIInterfaceOrientationPortrait UIInterfaceOrientationPortraitUpsideDown UIInterfaceOrientationLandscapeLeft UIInterfaceOrientationLandscapeRight";
				INFOPLIST_KEY_UISupportedInterfaceOrientations_iPhone = "UIInterfaceOrientationPortrait UIInterfaceOrientationLandscapeLeft UIInterfaceOrientationLandscapeRight";
				IPHONEOS_DEPLOYMENT_TARGET = 16.6;
				LD_RUNPATH_SEARCH_PATHS = (
					"$(inherited)",
					"@executable_path/Frameworks",
				);
				MARKETING_VERSION = 1.0;
				PRODUCT_BUNDLE_IDENTIFIER = com.mycompany.DownloadMultipleFilesTestApp;
				PRODUCT_NAME = "$(TARGET_NAME)";
				SWIFT_EMIT_LOC_STRINGS = YES;
				SWIFT_VERSION = 5.0;
				TARGETED_DEVICE_FAMILY = "1,2";
			};
			name = Release;
		};
/* End XCBuildConfiguration section */

/* Begin XCConfigurationList section */
		57BBE6C92BD0FC6F0082A0CE /* Build configuration list for PBXProject "DownloadMultipleFilesTestAppp" */ = {
			isa = XCConfigurationList;
			buildConfigurations = (
				57BBE6E02BD0FC740082A0CE /* Debug */,
				57BBE6E12BD0FC740082A0CE /* Release */,
			);
			defaultConfigurationIsVisible = 0;
			defaultConfigurationName = Release;
		};
		57BBE6E22BD0FC740082A0CE /* Build configuration list for PBXNativeTarget "DownloadMultipleFilesTestAppp" */ = {
			isa = XCConfigurationList;
			buildConfigurations = (
				57BBE6E32BD0FC740082A0CE /* Debug */,
				57BBE6E42BD0FC740082A0CE /* Release */,
			);
			defaultConfigurationIsVisible = 0;
			defaultConfigurationName = Release;
		};
/* End XCConfigurationList section */
	};
	rootObject = 57BBE6C62BD0FC6F0082A0CE /* Project object */;
}
